
Microsoft Visual Studio Solution File, Format Version 12.00
# Visual Studio Version 16
VisualStudioVersion = 16.0.31402.337
MinimumVisualStudioVersion = 10.0.40219.1
Project("{FAE04EC0-301F-11D3-BF4B-00C04F79EFBC}") = "HW-Exceptions", "HW-Exceptions\HW-Exceptions.csproj", "{5C2B7955-8FCF-4E47-A921-1FB85EF1B798}"
EndProject
Global
	GlobalSection(SolutionConfigurationPlatforms) = preSolution
		Debug|Any CPU = Debug|Any CPU
		Release|Any CPU = Release|Any CPU
	EndGlobalSection
	GlobalSection(ProjectConfigurationPlatforms) = postSolution
		{5C2B7955-8FCF-4E47-A921-1FB85EF1B798}.Debug|Any CPU.ActiveCfg = Debug|Any CPU
		{5C2B7955-8FCF-4E47-A921-1FB85EF1B798}.Debug|Any CPU.Build.0 = Debug|Any CPU
		{5C2B7955-8FCF-4E47-A921-1FB85EF1B798}.Release|Any CPU.ActiveCfg = Release|Any CPU
		{5C2B7955-8FCF-4E47-A921-1FB85EF1B798}.Release|Any CPU.Build.0 = Release|Any CPU
	EndGlobalSection
	GlobalSection(SolutionProperties) = preSolution
		HideSolutionNode = FALSE
	EndGlobalSection
	GlobalSection(ExtensibilityGlobals) = postSolution
		SolutionGuid = {DC7EBE6A-F6A6-4E51-A9F6-C727294B6827}
	EndGlobalSection
EndGlobal
